{
  "lockfileVersion": 1,
  "configVersion": 0,
  "workspaces": {
    "": {
      "name": "mechatron",
      "devDependencies": {
        "@types/node": "^25.5.2",
        "pngjs": "^6.0.0",
        "readline-sync": "~1.4",
        "sprintf-js": "~1.1",
        "typescript": "^5.7.0",
      },
      "optionalDependencies": {
        "@mechatronic/napi-clipboard": "*",
        "@mechatronic/napi-keyboard": "*",
        "@mechatronic/napi-memory": "*",
        "@mechatronic/napi-mouse": "*",
        "@mechatronic/napi-process": "*",
        "@mechatronic/napi-screen": "*",
        "@mechatronic/napi-window": "*",
      },
    },
    "packages/@mechatronic/napi-clipboard": {
      "name": "@mechatronic/napi-clipboard",
      "version": "0.0.0",
    },
    "packages/@mechatronic/napi-keyboard": {
      "name": "@mechatronic/napi-keyboard",
      "version": "0.0.0",
    },
    "packages/@mechatronic/napi-memory": {
      "name": "@mechatronic/napi-memory",
      "version": "0.0.0",
    },
    "packages/@mechatronic/napi-mouse": {
      "name": "@mechatronic/napi-mouse",
      "version": "0.0.0",
    },
    "packages/@mechatronic/napi-process": {
      "name": "@mechatronic/napi-process",
      "version": "0.0.0",
    },
    "packages/@mechatronic/napi-screen": {
      "name": "@mechatronic/napi-screen",
      "version": "0.0.0",
    },
    "packages/@mechatronic/napi-window": {
      "name": "@mechatronic/napi-window",
      "version": "0.0.0",
    },
    "packages/mechatron-robot-js": {
      "name": "mechatron-robot-js",
      "version": "0.0.0",
      "dependencies": {
        "mechatron": "*",
      },
    },
  },
  "packages": {
    "@mechatronic/napi-clipboard": ["@mechatronic/napi-clipboard@workspace:packages/@mechatronic/napi-clipboard"],

    "@mechatronic/napi-keyboard": ["@mechatronic/napi-keyboard@workspace:packages/@mechatronic/napi-keyboard"],

    "@mechatronic/napi-memory": ["@mechatronic/napi-memory@workspace:packages/@mechatronic/napi-memory"],

    "@mechatronic/napi-mouse": ["@mechatronic/napi-mouse@workspace:packages/@mechatronic/napi-mouse"],

    "@mechatronic/napi-process": ["@mechatronic/napi-process@workspace:packages/@mechatronic/napi-process"],

    "@mechatronic/napi-screen": ["@mechatronic/napi-screen@workspace:packages/@mechatronic/napi-screen"],

    "@mechatronic/napi-window": ["@mechatronic/napi-window@workspace:packages/@mechatronic/napi-window"],

    "@types/node": ["@types/node@25.5.2", "", { "dependencies": { "undici-types": "~7.18.0" } }, "sha512-tO4ZIRKNC+MDWV4qKVZe3Ql/woTnmHDr5JD8UI5hn2pwBrHEwOEMZK7WlNb5RKB6EoJ02gwmQS9OrjuFnZYdpg=="],

    "mechatron": ["mechatron@0.0.2", "", { "dependencies": { "node-addon-api": "^8.3.1", "node-gyp-build": "^4.8.4" }, "os": [ "linux", "win32", "darwin", ] }, "sha512-woV8l9omGGEfSAdnIWHVelRshX1gH4mjHm9rQfig4/DVQ6ttu5Xeo0ZVgN7I1AIaJ+2hNOUu46AnaCP+VgFzzw=="],

    "mechatron-robot-js": ["mechatron-robot-js@workspace:packages/mechatron-robot-js"],

    "node-addon-api": ["node-addon-api@8.7.0", "", {}, "sha512-9MdFxmkKaOYVTV+XVRG8ArDwwQ77XIgIPyKASB1k3JPq3M8fGQQQE3YpMOrKm6g//Ktx8ivZr8xo1Qmtqub+GA=="],

    "node-gyp-build": ["node-gyp-build@4.8.4", "", { "bin": { "node-gyp-build": "bin.js", "node-gyp-build-optional": "optional.js", "node-gyp-build-test": "build-test.js" } }, "sha512-LA4ZjwlnUblHVgq0oBF3Jl/6h/Nvs5fzBLwdEF4nuxnFdsfajde4WfxtJr3CaiH+F6ewcIB/q4jQ4UzPyid+CQ=="],

    "pngjs": ["pngjs@6.0.0", "", {}, "sha512-TRzzuFRRmEoSW/p1KVAmiOgPco2Irlah+bGFCeNfJXxxYGwSw7YwAOAcd7X28K/m5bjBWKsC29KyoMfHbypayg=="],

    "readline-sync": ["readline-sync@1.4.10", "", {}, "sha512-gNva8/6UAe8QYepIQH/jQ2qn91Qj0B9sYjMBBs3QOB8F2CXcKgLxQaJRP76sWVRQt+QU+8fAkCbCvjjMFu7Ycw=="],

    "sprintf-js": ["sprintf-js@1.1.3", "", {}, "sha512-Oo+0REFV59/rz3gfJNKQiBlwfHaSESl1pcGyABQsnnIfWOFt6JNj5gCog2U6MLZ//IGYD+nA8nI+mTShREReaA=="],

    "typescript": ["typescript@5.9.3", "", { "bin": { "tsc": "bin/tsc", "tsserver": "bin/tsserver" } }, "sha512-jl1vZzPDinLr9eUt3J/t7V6FgNEw9QjvBPdysz9KfQDD41fQrC2Y4vKQdiaUpFT4bXlb1RHhLpp8wtm6M5TgSw=="],

    "undici-types": ["undici-types@7.18.2", "", {}, "sha512-AsuCzffGHJybSaRrmr5eHr81mwJU3kjw6M+uprWvCXiNeN9SOGwQ3Jn8jb8m3Z6izVgknn1R0FTCEAP2QrLY/w=="],
  }
}
