{
  "name": "mechatron",
  "version": "0.0.0",
  "lockfileVersion": 3,
  "requires": true,
  "packages": {
    "": {
      "name": "mechatron",
      "version": "0.0.0",
      "license": "MIT",
      "os": [
        "linux",
        "darwin",
        "win32"
      ],
      "workspaces": [
        "packages/@mechatronic/napi-keyboard",
        "packages/@mechatronic/napi-mouse",
        "packages/@mechatronic/napi-clipboard",
        "packages/@mechatronic/napi-screen",
        "packages/@mechatronic/napi-window",
        "packages/@mechatronic/napi-process",
        "packages/@mechatronic/napi-memory",
        "packages/mechatron-robot-js"
      ],
      "devDependencies": {
        "@types/node": "^25.5.2",
        "pngjs": "^6.0.0",
        "readline-sync": "~1.4",
        "sprintf-js": "~1.1",
        "typescript": "^5.7.0"
      },
      "optionalDependencies": {
        "@mechatronic/napi-clipboard": "*",
        "@mechatronic/napi-keyboard": "*",
        "@mechatronic/napi-memory": "*",
        "@mechatronic/napi-mouse": "*",
        "@mechatronic/napi-process": "*",
        "@mechatronic/napi-screen": "*",
        "@mechatronic/napi-window": "*"
      }
    },
    "node_modules/@mechatronic/napi-clipboard": {
      "resolved": "packages/@mechatronic/napi-clipboard",
      "link": true
    },
    "node_modules/@mechatronic/napi-keyboard": {
      "resolved": "packages/@mechatronic/napi-keyboard",
      "link": true
    },
    "node_modules/@mechatronic/napi-memory": {
      "resolved": "packages/@mechatronic/napi-memory",
      "link": true
    },
    "node_modules/@mechatronic/napi-mouse": {
      "resolved": "packages/@mechatronic/napi-mouse",
      "link": true
    },
    "node_modules/@mechatronic/napi-process": {
      "resolved": "packages/@mechatronic/napi-process",
      "link": true
    },
    "node_modules/@mechatronic/napi-screen": {
      "resolved": "packages/@mechatronic/napi-screen",
      "link": true
    },
    "node_modules/@mechatronic/napi-window": {
      "resolved": "packages/@mechatronic/napi-window",
      "link": true
    },
    "node_modules/@types/node": {
      "version": "25.5.2",
      "resolved": "https://registry.npmjs.org/@types/node/-/node-25.5.2.tgz",
      "integrity": "sha512-tO4ZIRKNC+MDWV4qKVZe3Ql/woTnmHDr5JD8UI5hn2pwBrHEwOEMZK7WlNb5RKB6EoJ02gwmQS9OrjuFnZYdpg==",
      "dev": true,
      "license": "MIT",
      "dependencies": {
        "undici-types": "~7.18.0"
      }
    },
    "node_modules/mechatron": {
      "version": "0.0.2",
      "resolved": "https://registry.npmjs.org/mechatron/-/mechatron-0.0.2.tgz",
      "integrity": "sha512-woV8l9omGGEfSAdnIWHVelRshX1gH4mjHm9rQfig4/DVQ6ttu5Xeo0ZVgN7I1AIaJ+2hNOUu46AnaCP+VgFzzw==",
      "hasInstallScript": true,
      "license": "MIT",
      "os": [
        "linux",
        "darwin",
        "win32"
      ],
      "dependencies": {
        "node-addon-api": "^8.3.1",
        "node-gyp-build": "^4.8.4"
      }
    },
    "node_modules/mechatron-robot-js": {
      "resolved": "packages/mechatron-robot-js",
      "link": true
    },
    "node_modules/node-addon-api": {
      "version": "8.7.0",
      "resolved": "https://registry.npmjs.org/node-addon-api/-/node-addon-api-8.7.0.tgz",
      "integrity": "sha512-9MdFxmkKaOYVTV+XVRG8ArDwwQ77XIgIPyKASB1k3JPq3M8fGQQQE3YpMOrKm6g//Ktx8ivZr8xo1Qmtqub+GA==",
      "license": "MIT",
      "engines": {
        "node": "^18 || ^20 || >= 21"
      }
    },
    "node_modules/node-gyp-build": {
      "version": "4.8.4",
      "resolved": "https://registry.npmjs.org/node-gyp-build/-/node-gyp-build-4.8.4.tgz",
      "integrity": "sha512-LA4ZjwlnUblHVgq0oBF3Jl/6h/Nvs5fzBLwdEF4nuxnFdsfajde4WfxtJr3CaiH+F6ewcIB/q4jQ4UzPyid+CQ==",
      "license": "MIT",
      "bin": {
        "node-gyp-build": "bin.js",
        "node-gyp-build-optional": "optional.js",
        "node-gyp-build-test": "build-test.js"
      }
    },
    "node_modules/pngjs": {
      "version": "6.0.0",
      "resolved": "https://registry.npmjs.org/pngjs/-/pngjs-6.0.0.tgz",
      "integrity": "sha512-TRzzuFRRmEoSW/p1KVAmiOgPco2Irlah+bGFCeNfJXxxYGwSw7YwAOAcd7X28K/m5bjBWKsC29KyoMfHbypayg==",
      "dev": true,
      "license": "MIT",
      "engines": {
        "node": ">=12.13.0"
      }
    },
    "node_modules/readline-sync": {
      "version": "1.4.10",
      "resolved": "https://registry.npmjs.org/readline-sync/-/readline-sync-1.4.10.tgz",
      "integrity": "sha512-gNva8/6UAe8QYepIQH/jQ2qn91Qj0B9sYjMBBs3QOB8F2CXcKgLxQaJRP76sWVRQt+QU+8fAkCbCvjjMFu7Ycw==",
      "dev": true,
      "license": "MIT",
      "engines": {
        "node": ">= 0.8.0"
      }
    },
    "node_modules/sprintf-js": {
      "version": "1.1.3",
      "resolved": "https://registry.npmjs.org/sprintf-js/-/sprintf-js-1.1.3.tgz",
      "integrity": "sha512-Oo+0REFV59/rz3gfJNKQiBlwfHaSESl1pcGyABQsnnIfWOFt6JNj5gCog2U6MLZ//IGYD+nA8nI+mTShREReaA==",
      "dev": true,
      "license": "BSD-3-Clause"
    },
    "node_modules/typescript": {
      "version": "5.9.3",
      "resolved": "https://registry.npmjs.org/typescript/-/typescript-5.9.3.tgz",
      "integrity": "sha512-jl1vZzPDinLr9eUt3J/t7V6FgNEw9QjvBPdysz9KfQDD41fQrC2Y4vKQdiaUpFT4bXlb1RHhLpp8wtm6M5TgSw==",
      "dev": true,
      "license": "Apache-2.0",
      "bin": {
        "tsc": "bin/tsc",
        "tsserver": "bin/tsserver"
      },
      "engines": {
        "node": ">=14.17"
      }
    },
    "node_modules/undici-types": {
      "version": "7.18.2",
      "resolved": "https://registry.npmjs.org/undici-types/-/undici-types-7.18.2.tgz",
      "integrity": "sha512-AsuCzffGHJybSaRrmr5eHr81mwJU3kjw6M+uprWvCXiNeN9SOGwQ3Jn8jb8m3Z6izVgknn1R0FTCEAP2QrLY/w==",
      "dev": true,
      "license": "MIT"
    },
    "packages/@mechatronic/napi-clipboard": {
      "version": "0.0.0",
      "cpu": [
        "x64",
        "arm64",
        "ia32"
      ],
      "license": "MIT",
      "os": [
        "linux",
        "darwin",
        "win32"
      ]
    },
    "packages/@mechatronic/napi-keyboard": {
      "version": "0.0.0",
      "cpu": [
        "x64",
        "arm64",
        "ia32"
      ],
      "license": "MIT",
      "os": [
        "linux",
        "darwin",
        "win32"
      ]
    },
    "packages/@mechatronic/napi-memory": {
      "version": "0.0.0",
      "cpu": [
        "x64",
        "arm64",
        "ia32"
      ],
      "license": "MIT",
      "os": [
        "linux",
        "darwin",
        "win32"
      ]
    },
    "packages/@mechatronic/napi-mouse": {
      "version": "0.0.0",
      "cpu": [
        "x64",
        "arm64",
        "ia32"
      ],
      "license": "MIT",
      "os": [
        "linux",
        "darwin",
        "win32"
      ]
    },
    "packages/@mechatronic/napi-process": {
      "version": "0.0.0",
      "cpu": [
        "x64",
        "arm64",
        "ia32"
      ],
      "license": "MIT",
      "os": [
        "linux",
        "darwin",
        "win32"
      ]
    },
    "packages/@mechatronic/napi-screen": {
      "version": "0.0.0",
      "cpu": [
        "x64",
        "arm64",
        "ia32"
      ],
      "license": "MIT",
      "os": [
        "linux",
        "darwin",
        "win32"
      ]
    },
    "packages/@mechatronic/napi-window": {
      "version": "0.0.0",
      "cpu": [
        "x64",
        "arm64",
        "ia32"
      ],
      "license": "MIT",
      "os": [
        "linux",
        "darwin",
        "win32"
      ]
    },
    "packages/mechatron-clipboard": {
      "version": "0.0.0",
      "extraneous": true,
      "license": "MIT",
      "dependencies": {
        "mechatron-types": "*"
      }
    },
    "packages/mechatron-keyboard": {
      "version": "0.0.0",
      "extraneous": true,
      "license": "MIT",
      "dependencies": {
        "mechatron-types": "*"
      }
    },
    "packages/mechatron-memory": {
      "version": "0.0.0",
      "extraneous": true,
      "license": "MIT",
      "dependencies": {
        "mechatron-process": "*",
        "mechatron-types": "*"
      }
    },
    "packages/mechatron-mouse": {
      "version": "0.0.0",
      "extraneous": true,
      "license": "MIT",
      "dependencies": {
        "mechatron-types": "*"
      }
    },
    "packages/mechatron-process": {
      "version": "0.0.0",
      "extraneous": true,
      "license": "MIT",
      "dependencies": {
        "mechatron-types": "*",
        "mechatron-window": "*"
      }
    },
    "packages/mechatron-robot-js": {
      "version": "0.0.0",
      "license": "MIT",
      "os": [
        "linux",
        "darwin",
        "win32"
      ],
      "dependencies": {
        "mechatron": "*"
      }
    },
    "packages/mechatron-screen": {
      "version": "0.0.0",
      "extraneous": true,
      "license": "MIT",
      "dependencies": {
        "mechatron-types": "*"
      }
    },
    "packages/mechatron-types": {
      "version": "0.0.0",
      "extraneous": true,
      "license": "MIT"
    },
    "packages/mechatron-window": {
      "version": "0.0.0",
      "extraneous": true,
      "license": "MIT",
      "dependencies": {
        "mechatron-types": "*"
      }
    }
  }
}
